
Microsoft Visual Studio Solution File, Format Version 12.00
# Visual Studio Version 17
VisualStudioVersion = 17.0.31903.59
MinimumVisualStudioVersion = 10.0.40219.1
Project("{2150E333-8FDC-42A3-9474-1A3956D46DE8}") = "DirectoryService", "DirectoryService", "{264D7DAB-9BAF-18F3-21D6-5F553FB4B8CC}"
EndProject
Project("{FAE04EC0-301F-11D3-BF4B-00C04F79EFBC}") = "IntegrationTests", "DirectoryService\IntegrationTests\IntegrationTests.csproj", "{BD815F48-9C1A-45E3-908A-139F34797D34}"
EndProject
Project("{2150E333-8FDC-42A3-9474-1A3956D46DE8}") = "src", "src", "{A7A8CBC9-D619-E448-33D9-AFAC472B9785}"
EndProject
Project("{FAE04EC0-301F-11D3-BF4B-00C04F79EFBC}") = "DirectoryService.Web", "DirectoryService\src\DirectoryService.Web\DirectoryService.Web.csproj", "{978599C1-C41F-4705-A7FF-296C0DA80233}"
EndProject
Project("{FAE04EC0-301F-11D3-BF4B-00C04F79EFBC}") = "DirectoryService.Contracts", "DirectoryService\src\DirectoryService.Contracts\DirectoryService.Contracts.csproj", "{30994D91-FF55-4900-9211-CE55432748B8}"
EndProject
Project("{FAE04EC0-301F-11D3-BF4B-00C04F79EFBC}") = "DirectoryService.Core", "DirectoryService\src\DirectoryService.Core\DirectoryService.Core.csproj", "{3B3EED61-1F43-49F6-8CAF-CD1B7128352C}"
EndProject
Project("{FAE04EC0-301F-11D3-BF4B-00C04F79EFBC}") = "DirectoryService.Domain", "DirectoryService\src\DirectoryService.Domain\DirectoryService.Domain.csproj", "{FDF0B5A3-1ADA-40EB-8B04-1E83E918597F}"
EndProject
Project("{FAE04EC0-301F-11D3-BF4B-00C04F79EFBC}") = "DirectoryService.Infrastructure.Postgres", "DirectoryService\src\DirectoryService.Infrastructure.Postgres\DirectoryService.Infrastructure.Postgres.csproj", "{C248E45E-EFFC-4F72-BA39-6D1FF143A7FF}"
EndProject
Project("{2150E333-8FDC-42A3-9474-1A3956D46DE8}") = "Shared", "Shared", "{4F52FD11-658E-A102-6CD3-7D7C16FFA15B}"
EndProject
Project("{FAE04EC0-301F-11D3-BF4B-00C04F79EFBC}") = "HarukoTech.Shared.Core", "Shared\HarukoTech.Shared.Core\HarukoTech.Shared.Core.csproj", "{0DB61F00-E2FF-4563-B98A-3F9524FC0028}"
EndProject
Project("{FAE04EC0-301F-11D3-BF4B-00C04F79EFBC}") = "HarukoTech.Shared.Framework", "Shared\HarukoTech.Shared.Framework\HarukoTech.Shared.Framework.csproj", "{8431F364-E9D1-4A8B-93FD-3056A6280531}"
EndProject
Project("{FAE04EC0-301F-11D3-BF4B-00C04F79EFBC}") = "HarukoTech.Shared.Kernel", "Shared\HarukoTech.Shared.Kernel\HarukoTech.Shared.Kernel.csproj", "{3B82EC52-EC3C-4A61-9575-D7158E726BF7}"
EndProject
Global
	GlobalSection(SolutionConfigurationPlatforms) = preSolution
		Debug|Any CPU = Debug|Any CPU
		Debug|x64 = Debug|x64
		Debug|x86 = Debug|x86
		Release|Any CPU = Release|Any CPU
		Release|x64 = Release|x64
		Release|x86 = Release|x86
	EndGlobalSection
	GlobalSection(ProjectConfigurationPlatforms) = postSolution
		{BD815F48-9C1A-45E3-908A-139F34797D34}.Debug|Any CPU.ActiveCfg = Debug|Any CPU
		{BD815F48-9C1A-45E3-908A-139F34797D34}.Debug|Any CPU.Build.0 = Debug|Any CPU
		{BD815F48-9C1A-45E3-908A-139F34797D34}.Debug|x64.ActiveCfg = Debug|Any CPU
		{BD815F48-9C1A-45E3-908A-139F34797D34}.Debug|x64.Build.0 = Debug|Any CPU
		{BD815F48-9C1A-45E3-908A-139F34797D34}.Debug|x86.ActiveCfg = Debug|Any CPU
		{BD815F48-9C1A-45E3-908A-139F34797D34}.Debug|x86.Build.0 = Debug|Any CPU
		{BD815F48-9C1A-45E3-908A-139F34797D34}.Release|Any CPU.ActiveCfg = Release|Any CPU
		{BD815F48-9C1A-45E3-908A-139F34797D34}.Release|Any CPU.Build.0 = Release|Any CPU
		{BD815F48-9C1A-45E3-908A-139F34797D34}.Release|x64.ActiveCfg = Release|Any CPU
		{BD815F48-9C1A-45E3-908A-139F34797D34}.Release|x64.Build.0 = Release|Any CPU
		{BD815F48-9C1A-45E3-908A-139F34797D34}.Release|x86.ActiveCfg = Release|Any CPU
		{BD815F48-9C1A-45E3-908A-139F34797D34}.Release|x86.Build.0 = Release|Any CPU
		{978599C1-C41F-4705-A7FF-296C0DA80233}.Debug|Any CPU.ActiveCfg = Debug|Any CPU
		{978599C1-C41F-4705-A7FF-296C0DA80233}.Debug|Any CPU.Build.0 = Debug|Any CPU
		{978599C1-C41F-4705-A7FF-296C0DA80233}.Debug|x64.ActiveCfg = Debug|Any CPU
		{978599C1-C41F-4705-A7FF-296C0DA80233}.Debug|x64.Build.0 = Debug|Any CPU
		{978599C1-C41F-4705-A7FF-296C0DA80233}.Debug|x86.ActiveCfg = Debug|Any CPU
		{978599C1-C41F-4705-A7FF-296C0DA80233}.Debug|x86.Build.0 = Debug|Any CPU
		{978599C1-C41F-4705-A7FF-296C0DA80233}.Release|Any CPU.ActiveCfg = Release|Any CPU
		{978599C1-C41F-4705-A7FF-296C0DA80233}.Release|Any CPU.Build.0 = Release|Any CPU
		{978599C1-C41F-4705-A7FF-296C0DA80233}.Release|x64.ActiveCfg = Release|Any CPU
		{978599C1-C41F-4705-A7FF-296C0DA80233}.Release|x64.Build.0 = Release|Any CPU
		{978599C1-C41F-4705-A7FF-296C0DA80233}.Release|x86.ActiveCfg = Release|Any CPU
		{978599C1-C41F-4705-A7FF-296C0DA80233}.Release|x86.Build.0 = Release|Any CPU
		{30994D91-FF55-4900-9211-CE55432748B8}.Debug|Any CPU.ActiveCfg = Debug|Any CPU
		{30994D91-FF55-4900-9211-CE55432748B8}.Debug|Any CPU.Build.0 = Debug|Any CPU
		{30994D91-FF55-4900-9211-CE55432748B8}.Debug|x64.ActiveCfg = Debug|Any CPU
		{30994D91-FF55-4900-9211-CE55432748B8}.Debug|x64.Build.0 = Debug|Any CPU
		{30994D91-FF55-4900-9211-CE55432748B8}.Debug|x86.ActiveCfg = Debug|Any CPU
		{30994D91-FF55-4900-9211-CE55432748B8}.Debug|x86.Build.0 = Debug|Any CPU
		{30994D91-FF55-4900-9211-CE55432748B8}.Release|Any CPU.ActiveCfg = Release|Any CPU
		{30994D91-FF55-4900-9211-CE55432748B8}.Release|Any CPU.Build.0 = Release|Any CPU
		{30994D91-FF55-4900-9211-CE55432748B8}.Release|x64.ActiveCfg = Release|Any CPU
		{30994D91-FF55-4900-9211-CE55432748B8}.Release|x64.Build.0 = Release|Any CPU
		{30994D91-FF55-4900-9211-CE55432748B8}.Release|x86.ActiveCfg = Release|Any CPU
		{30994D91-FF55-4900-9211-CE55432748B8}.Release|x86.Build.0 = Release|Any CPU
		{3B3EED61-1F43-49F6-8CAF-CD1B7128352C}.Debug|Any CPU.ActiveCfg = Debug|Any CPU
		{3B3EED61-1F43-49F6-8CAF-CD1B7128352C}.Debug|Any CPU.Build.0 = Debug|Any CPU
		{3B3EED61-1F43-49F6-8CAF-CD1B7128352C}.Debug|x64.ActiveCfg = Debug|Any CPU
		{3B3EED61-1F43-49F6-8CAF-CD1B7128352C}.Debug|x64.Build.0 = Debug|Any CPU
		{3B3EED61-1F43-49F6-8CAF-CD1B7128352C}.Debug|x86.ActiveCfg = Debug|Any CPU
		{3B3EED61-1F43-49F6-8CAF-CD1B7128352C}.Debug|x86.Build.0 = Debug|Any CPU
		{3B3EED61-1F43-49F6-8CAF-CD1B7128352C}.Release|Any CPU.ActiveCfg = Release|Any CPU
		{3B3EED61-1F43-49F6-8CAF-CD1B7128352C}.Release|Any CPU.Build.0 = Release|Any CPU
		{3B3EED61-1F43-49F6-8CAF-CD1B7128352C}.Release|x64.ActiveCfg = Release|Any CPU
		{3B3EED61-1F43-49F6-8CAF-CD1B7128352C}.Release|x64.Build.0 = Release|Any CPU
		{3B3EED61-1F43-49F6-8CAF-CD1B7128352C}.Release|x86.ActiveCfg = Release|Any CPU
		{3B3EED61-1F43-49F6-8CAF-CD1B7128352C}.Release|x86.Build.0 = Release|Any CPU
		{FDF0B5A3-1ADA-40EB-8B04-1E83E918597F}.Debug|Any CPU.ActiveCfg = Debug|Any CPU
		{FDF0B5A3-1ADA-40EB-8B04-1E83E918597F}.Debug|Any CPU.Build.0 = Debug|Any CPU
		{FDF0B5A3-1ADA-40EB-8B04-1E83E918597F}.Debug|x64.ActiveCfg = Debug|Any CPU
		{FDF0B5A3-1ADA-40EB-8B04-1E83E918597F}.Debug|x64.Build.0 = Debug|Any CPU
		{FDF0B5A3-1ADA-40EB-8B04-1E83E918597F}.Debug|x86.ActiveCfg = Debug|Any CPU
		{FDF0B5A3-1ADA-40EB-8B04-1E83E918597F}.Debug|x86.Build.0 = Debug|Any CPU
		{FDF0B5A3-1ADA-40EB-8B04-1E83E918597F}.Release|Any CPU.ActiveCfg = Release|Any CPU
		{FDF0B5A3-1ADA-40EB-8B04-1E83E918597F}.Release|Any CPU.Build.0 = Release|Any CPU
		{FDF0B5A3-1ADA-40EB-8B04-1E83E918597F}.Release|x64.ActiveCfg = Release|Any CPU
		{FDF0B5A3-1ADA-40EB-8B04-1E83E918597F}.Release|x64.Build.0 = Release|Any CPU
		{FDF0B5A3-1ADA-40EB-8B04-1E83E918597F}.Release|x86.ActiveCfg = Release|Any CPU
		{FDF0B5A3-1ADA-40EB-8B04-1E83E918597F}.Release|x86.Build.0 = Release|Any CPU
		{C248E45E-EFFC-4F72-BA39-6D1FF143A7FF}.Debug|Any CPU.ActiveCfg = Debug|Any CPU
		{C248E45E-EFFC-4F72-BA39-6D1FF143A7FF}.Debug|Any CPU.Build.0 = Debug|Any CPU
		{C248E45E-EFFC-4F72-BA39-6D1FF143A7FF}.Debug|x64.ActiveCfg = Debug|Any CPU
		{C248E45E-EFFC-4F72-BA39-6D1FF143A7FF}.Debug|x64.Build.0 = Debug|Any CPU
		{C248E45E-EFFC-4F72-BA39-6D1FF143A7FF}.Debug|x86.ActiveCfg = Debug|Any CPU
		{C248E45E-EFFC-4F72-BA39-6D1FF143A7FF}.Debug|x86.Build.0 = Debug|Any CPU
		{C248E45E-EFFC-4F72-BA39-6D1FF143A7FF}.Release|Any CPU.ActiveCfg = Release|Any CPU
		{C248E45E-EFFC-4F72-BA39-6D1FF143A7FF}.Release|Any CPU.Build.0 = Release|Any CPU
		{C248E45E-EFFC-4F72-BA39-6D1FF143A7FF}.Release|x64.ActiveCfg = Release|Any CPU
		{C248E45E-EFFC-4F72-BA39-6D1FF143A7FF}.Release|x64.Build.0 = Release|Any CPU
		{C248E45E-EFFC-4F72-BA39-6D1FF143A7FF}.Release|x86.ActiveCfg = Release|Any CPU
		{C248E45E-EFFC-4F72-BA39-6D1FF143A7FF}.Release|x86.Build.0 = Release|Any CPU
		{0DB61F00-E2FF-4563-B98A-3F9524FC0028}.Debug|Any CPU.ActiveCfg = Debug|Any CPU
		{0DB61F00-E2FF-4563-B98A-3F9524FC0028}.Debug|Any CPU.Build.0 = Debug|Any CPU
		{0DB61F00-E2FF-4563-B98A-3F9524FC0028}.Debug|x64.ActiveCfg = Debug|Any CPU
		{0DB61F00-E2FF-4563-B98A-3F9524FC0028}.Debug|x64.Build.0 = Debug|Any CPU
		{0DB61F00-E2FF-4563-B98A-3F9524FC0028}.Debug|x86.ActiveCfg = Debug|Any CPU
		{0DB61F00-E2FF-4563-B98A-3F9524FC0028}.Debug|x86.Build.0 = Debug|Any CPU
		{0DB61F00-E2FF-4563-B98A-3F9524FC0028}.Release|Any CPU.ActiveCfg = Release|Any CPU
		{0DB61F00-E2FF-4563-B98A-3F9524FC0028}.Release|Any CPU.Build.0 = Release|Any CPU
		{0DB61F00-E2FF-4563-B98A-3F9524FC0028}.Release|x64.ActiveCfg = Release|Any CPU
		{0DB61F00-E2FF-4563-B98A-3F9524FC0028}.Release|x64.Build.0 = Release|Any CPU
		{0DB61F00-E2FF-4563-B98A-3F9524FC0028}.Release|x86.ActiveCfg = Release|Any CPU
		{0DB61F00-E2FF-4563-B98A-3F9524FC0028}.Release|x86.Build.0 = Release|Any CPU
		{8431F364-E9D1-4A8B-93FD-3056A6280531}.Debug|Any CPU.ActiveCfg = Debug|Any CPU
		{8431F364-E9D1-4A8B-93FD-3056A6280531}.Debug|Any CPU.Build.0 = Debug|Any CPU
		{8431F364-E9D1-4A8B-93FD-3056A6280531}.Debug|x64.ActiveCfg = Debug|Any CPU
		{8431F364-E9D1-4A8B-93FD-3056A6280531}.Debug|x64.Build.0 = Debug|Any CPU
		{8431F364-E9D1-4A8B-93FD-3056A6280531}.Debug|x86.ActiveCfg = Debug|Any CPU
		{8431F364-E9D1-4A8B-93FD-3056A6280531}.Debug|x86.Build.0 = Debug|Any CPU
		{8431F364-E9D1-4A8B-93FD-3056A6280531}.Release|Any CPU.ActiveCfg = Release|Any CPU
		{8431F364-E9D1-4A8B-93FD-3056A6280531}.Release|Any CPU.Build.0 = Release|Any CPU
		{8431F364-E9D1-4A8B-93FD-3056A6280531}.Release|x64.ActiveCfg = Release|Any CPU
		{8431F364-E9D1-4A8B-93FD-3056A6280531}.Release|x64.Build.0 = Release|Any CPU
		{8431F364-E9D1-4A8B-93FD-3056A6280531}.Release|x86.ActiveCfg = Release|Any CPU
		{8431F364-E9D1-4A8B-93FD-3056A6280531}.Release|x86.Build.0 = Release|Any CPU
		{3B82EC52-EC3C-4A61-9575-D7158E726BF7}.Debug|Any CPU.ActiveCfg = Debug|Any CPU
		{3B82EC52-EC3C-4A61-9575-D7158E726BF7}.Debug|Any CPU.Build.0 = Debug|Any CPU
		{3B82EC52-EC3C-4A61-9575-D7158E726BF7}.Debug|x64.ActiveCfg = Debug|Any CPU
		{3B82EC52-EC3C-4A61-9575-D7158E726BF7}.Debug|x64.Build.0 = Debug|Any CPU
		{3B82EC52-EC3C-4A61-9575-D7158E726BF7}.Debug|x86.ActiveCfg = Debug|Any CPU
		{3B82EC52-EC3C-4A61-9575-D7158E726BF7}.Debug|x86.Build.0 = Debug|Any CPU
		{3B82EC52-EC3C-4A61-9575-D7158E726BF7}.Release|Any CPU.ActiveCfg = Release|Any CPU
		{3B82EC52-EC3C-4A61-9575-D7158E726BF7}.Release|Any CPU.Build.0 = Release|Any CPU
		{3B82EC52-EC3C-4A61-9575-D7158E726BF7}.Release|x64.ActiveCfg = Release|Any CPU
		{3B82EC52-EC3C-4A61-9575-D7158E726BF7}.Release|x64.Build.0 = Release|Any CPU
		{3B82EC52-EC3C-4A61-9575-D7158E726BF7}.Release|x86.ActiveCfg = Release|Any CPU
		{3B82EC52-EC3C-4A61-9575-D7158E726BF7}.Release|x86.Build.0 = Release|Any CPU
	EndGlobalSection
	GlobalSection(SolutionProperties) = preSolution
		HideSolutionNode = FALSE
	EndGlobalSection
	GlobalSection(NestedProjects) = preSolution
		{BD815F48-9C1A-45E3-908A-139F34797D34} = {264D7DAB-9BAF-18F3-21D6-5F553FB4B8CC}
		{A7A8CBC9-D619-E448-33D9-AFAC472B9785} = {264D7DAB-9BAF-18F3-21D6-5F553FB4B8CC}
		{978599C1-C41F-4705-A7FF-296C0DA80233} = {A7A8CBC9-D619-E448-33D9-AFAC472B9785}
		{30994D91-FF55-4900-9211-CE55432748B8} = {A7A8CBC9-D619-E448-33D9-AFAC472B9785}
		{3B3EED61-1F43-49F6-8CAF-CD1B7128352C} = {A7A8CBC9-D619-E448-33D9-AFAC472B9785}
		{FDF0B5A3-1ADA-40EB-8B04-1E83E918597F} = {A7A8CBC9-D619-E448-33D9-AFAC472B9785}
		{C248E45E-EFFC-4F72-BA39-6D1FF143A7FF} = {A7A8CBC9-D619-E448-33D9-AFAC472B9785}
		{0DB61F00-E2FF-4563-B98A-3F9524FC0028} = {4F52FD11-658E-A102-6CD3-7D7C16FFA15B}
		{8431F364-E9D1-4A8B-93FD-3056A6280531} = {4F52FD11-658E-A102-6CD3-7D7C16FFA15B}
		{3B82EC52-EC3C-4A61-9575-D7158E726BF7} = {4F52FD11-658E-A102-6CD3-7D7C16FFA15B}
	EndGlobalSection
EndGlobal
